github.com/avast/apkparser v0.0.0-20190516101250-3b8c5efcb6a9 h1:C4Pb4NaZ/r0u9Dk4VTz83KpIZI2h7zdbYcqoiN/EYdc=
github.com/avast/apkparser v0.0.0-20190516101250-3b8c5efcb6a9/go.mod h1:c0733VBXm1we9M1zCtoOspplSwOYebS3hpDkJyMORRU=
github.com/avast/apkparser v0.0.0-20191031124917-fa1742faafba h1:a9f77qbcJNBhi15xRI/Z2cTrUo1SxDBgD7W97w/+Wjk=
github.com/avast/apkparser v0.0.0-20191031124917-fa1742faafba/go.mod h1:eZzHNfZWA1eeKPQE3LVmfRw32lhrH351jDCsma9qxOc=
github.com/avast/apkparser v0.0.0-20191031134028-4e4b6d27fd93 h1:+pbCc6hWYajiMYXtxc+BeiwyUscRTmOKPiCtkAtxDcU=
github.com/avast/apkparser v0.0.0-20191031134028-4e4b6d27fd93/go.mod h1:eZzHNfZWA1eeKPQE3LVmfRw32lhrH351jDCsma9qxOc=
github.com/avast/apkparser v0.0.0-20200102113521-69bcdd9c2403 h1:Z0VTyd8wU5jymakwl/OolMfj7GbOwCcH2KvyVMgDikw=
github.com/avast/apkparser v0.0.0-20200102113521-69bcdd9c2403/go.mod h1:eZzHNfZWA1eeKPQE3LVmfRw32lhrH351jDCsma9qxOc=
github.com/avast/apkparser v0.0.0-20200402131724-9fd46d5c4749 h1:7Y6ukSVvHZM+gEnBF8DNrgM+G3O+OVMmxVX7gYOM/io=
github.com/avast/apkparser v0.0.0-20200402131724-9fd46d5c4749/go.mod h1:CSBdDZNEsGRYPiDt9QcGrIy8iWQ9YzB1rcuxn44+0jc=
github.com/avast/apkparser v0.0.0-20200924103028-30471fa5618f h1:gMaKlNhrxwr2PqaSptI1XWyXOwr3R3aDbOpbXejGWjg=
github.com/avast/apkparser v0.0.0-20200924103028-30471fa5618f/go.mod h1:SKNzWGFyNJji/Z+iXjPCpmpFPvenFuhLjrSLCwCM/cM=
github.com/avast/apkverifier v0.0.0-20190808142831-dbbe53a24744/go.mod h1:mhWRoMg0KhvWt8SX7B2v2E3VfWt5jWfHfD9PtWAN+qM=
github.com/avast/apkverifier v0.0.0-20200217135742-aa28c80b82ae/go.mod h1:SV58cyAAN+SzX8GIBhizatMJNGcDyfQUj/xZUlKRW+I=
github.com/avast/apkverifier v0.0.0-20200416105355-97c5338f32f0/go.mod h1:HskRSJJJbP3poUkDRAyRAdDVSsh5J1mz8cRc2/B4kbc=
github.com/klauspost/compress v1.11.0 h1:wJbzvpYMVGG9iTI9VxpnNZfd4DzMPoCWze3GgSqz8yg=
github.com/klauspost/compress v1.11.0/go.mod h1:aoV0uJVorq1K+umq18yTdKaF57EivdYsUV+/s2qKfXs=
